{
  "name": "greenpass",
  "version": "1.0.0",
  "lockfileVersion": 1,
  "requires": true,
  "dependencies": {
    "base45": {
      "version": "3.0.0",
      "resolved": "https://registry.npmjs.org/base45/-/base45-3.0.0.tgz",
      "integrity": "sha512-SWayzDiUFaga+G3X/oL2XIDbjhdpmBGUqLU6T7zB89aNWYnEcfa36DIWW95rxn0sWAWbwrKcSyqcWw6AApYwsg=="
    },
    "cbor": {
      "version": "8.0.2",
      "resolved": "https://registry.npmjs.org/cbor/-/cbor-8.0.2.tgz",
      "integrity": "sha512-H5WTjQYgyHQI0VrCmbyQBOPy1353MjmUi/r3DbPib4U13vuyqm7es9Mfpe8G58bN/mCdRlJWkiCrPl1uM1wAlg==",
      "requires": {
        "nofilter": "^3.0.3"
      }
    },
    "jpeg-js": {
      "version": "0.4.3",
      "resolved": "https://registry.npmjs.org/jpeg-js/-/jpeg-js-0.4.3.tgz",
      "integrity": "sha512-ru1HWKek8octvUHFHvE5ZzQ1yAsJmIvRdGWvSoKV52XKyuyYA437QWDttXT8eZXDSbuMpHlLzPDZUPd6idIz+Q=="
    },
    "jsqr": {
      "version": "1.4.0",
      "resolved": "https://registry.npmjs.org/jsqr/-/jsqr-1.4.0.tgz",
      "integrity": "sha512-dxLob7q65Xg2DvstYkRpkYtmKm2sPJ9oFhrhmudT1dZvNFFTlroai3AWSpLey/w5vMcLBXRgOJsbXpdN9HzU/A=="
    },
    "nofilter": {
      "version": "3.1.0",
      "resolved": "https://registry.npmjs.org/nofilter/-/nofilter-3.1.0.tgz",
      "integrity": "sha512-l2NNj07e9afPnhAhvgVrCD/oy2Ai1yfLpuo3EpiO1jFTsB4sFz6oIfAfSZyQzVpkZQ9xS8ZS5g1jCBgq4Hwo0g=="
    },
    "pako": {
      "version": "2.0.4",
      "resolved": "https://registry.npmjs.org/pako/-/pako-2.0.4.tgz",
      "integrity": "sha512-v8tweI900AUkZN6heMU/4Uy4cXRc2AYNRggVmTR+dEncawDJgCdLMximOVA2p4qO57WMynangsfGRb5WD6L1Bg=="
    }
  }
}
